// !$*UTF8*$!
{
	archiveVersion = 1;
	classes = {
	};
	objectVersion = 55;
	objects = {

/* Begin PBXBuildFile section */
		09058E3F28579D8E00A2A2B6 /* ProgramView.swift in Sources */ = {isa = PBXBuildFile; fileRef = 09058E3E28579D8E00A2A2B6 /* ProgramView.swift */; };
		09058E412857A4B800A2A2B6 /* CampusView.swift in Sources */ = {isa = PBXBuildFile; fileRef = 09058E402857A4B800A2A2B6 /* CampusView.swift */; };
		094D03CF28550D8B00D0C14D /* swiftui_fhooe_appApp.swift in Sources */ = {isa = PBXBuildFile; fileRef = 094D03CE28550D8B00D0C14D /* swiftui_fhooe_appApp.swift */; };
		094D03D128550D8B00D0C14D /* ContentView.swift in Sources */ = {isa = PBXBuildFile; fileRef = 094D03D028550D8B00D0C14D /* ContentView.swift */; };
		094D03D328550D8B00D0C14D /* Assets.xcassets in Resources */ = {isa = PBXBuildFile; fileRef = 094D03D228550D8B00D0C14D /* Assets.xcassets */; };
		094D03D628550D8B00D0C14D /* Preview Assets.xcassets in Resources */ = {isa = PBXBuildFile; fileRef = 094D03D528550D8B00D0C14D /* Preview Assets.xcassets */; };
		094D03E62855126900D0C14D /* Program.swift in Sources */ = {isa = PBXBuildFile; fileRef = 094D03E52855126900D0C14D /* Program.swift */; };
		094D042228553AF200D0C14D /* Network.swift in Sources */ = {isa = PBXBuildFile; fileRef = 094D042128553AF200D0C14D /* Network.swift */; };
		B9DB9214ACF392C4FE9AB6D0 /* Pods_swiftui_fhooe_app.framework in Frameworks */ = {isa = PBXBuildFile; fileRef = CE872B8C0C5C032F93FC7065 /* Pods_swiftui_fhooe_app.framework */; };
/* End PBXBuildFile section */

/* Begin PBXFileReference section */
		09058E3E28579D8E00A2A2B6 /* ProgramView.swift */ = {isa = PBXFileReference; lastKnownFileType = sourcecode.swift; path = ProgramView.swift; sourceTree = "<group>"; };
		09058E402857A4B800A2A2B6 /* CampusView.swift */ = {isa = PBXFileReference; lastKnownFileType = sourcecode.swift; path = CampusView.swift; sourceTree = "<group>"; };
		09058E482857BB3900A2A2B6 /* Info.plist */ = {isa = PBXFileReference; lastKnownFileType = text.plist; path = Info.plist; sourceTree = "<group>"; };
		094D03CB28550D8B00D0C14D /* swiftui-fhooe-app.app */ = {isa = PBXFileReference; explicitFileType = wrapper.application; includeInIndex = 0; path = "swiftui-fhooe-app.app"; sourceTree = BUILT_PRODUCTS_DIR; };
		094D03CE28550D8B00D0C14D /* swiftui_fhooe_appApp.swift */ = {isa = PBXFileReference; lastKnownFileType = sourcecode.swift; path = swiftui_fhooe_appApp.swift; sourceTree = "<group>"; };
		094D03D028550D8B00D0C14D /* ContentView.swift */ = {isa = PBXFileReference; lastKnownFileType = sourcecode.swift; path = ContentView.swift; sourceTree = "<group>"; };
		094D03D228550D8B00D0C14D /* Assets.xcassets */ = {isa = PBXFileReference; lastKnownFileType = folder.assetcatalog; path = Assets.xcassets; sourceTree = "<group>"; };
		094D03D528550D8B00D0C14D /* Preview Assets.xcassets */ = {isa = PBXFileReference; lastKnownFileType = folder.assetcatalog; path = "Preview Assets.xcassets"; sourceTree = "<group>"; };
		094D03E52855126900D0C14D /* Program.swift */ = {isa = PBXFileReference; lastKnownFileType = sourcecode.swift; path = Program.swift; sourceTree = "<group>"; };
		094D042128553AF200D0C14D /* Network.swift */ = {isa = PBXFileReference; lastKnownFileType = sourcecode.swift; path = Network.swift; sourceTree = "<group>"; };
		1991F6773EF094294C3A6DE2 /* Pods-swiftui-fhooe-app.debug.xcconfig */ = {isa = PBXFileReference; includeInIndex = 1; lastKnownFileType = text.xcconfig; name = "Pods-swiftui-fhooe-app.debug.xcconfig"; path = "Target Support Files/Pods-swiftui-fhooe-app/Pods-swiftui-fhooe-app.debug.xcconfig"; sourceTree = "<group>"; };
		8D61ECF72458F7126C940B14 /* Pods-swiftui-fhooe-app.release.xcconfig */ = {isa = PBXFileReference; includeInIndex = 1; lastKnownFileType = text.xcconfig; name = "Pods-swiftui-fhooe-app.release.xcconfig"; path = "Target Support Files/Pods-swiftui-fhooe-app/Pods-swiftui-fhooe-app.release.xcconfig"; sourceTree = "<group>"; };
		CE872B8C0C5C032F93FC7065 /* Pods_swiftui_fhooe_app.framework */ = {isa = PBXFileReference; explicitFileType = wrapper.framework; includeInIndex = 0; path = Pods_swiftui_fhooe_app.framework; sourceTree = BUILT_PRODUCTS_DIR; };
/* End PBXFileReference section */

/* Begin PBXFrameworksBuildPhase section */
		094D03C828550D8B00D0C14D /* Frameworks */ = {
			isa = PBXFrameworksBuildPhase;
			buildActionMask = 2147483647;
			files = (
				B9DB9214ACF392C4FE9AB6D0 /* Pods_swiftui_fhooe_app.framework in Frameworks */,
			);
			runOnlyForDeploymentPostprocessing = 0;
		};
/* End PBXFrameworksBuildPhase section */

/* Begin PBXGroup section */
		09058E422857B6CA00A2A2B6 /* Controller */ = {
			isa = PBXGroup;
			children = (
				094D042128553AF200D0C14D /* Network.swift */,
			);
			path = Controller;
			sourceTree = "<group>";
		};
		094D03C228550D8B00D0C14D = {
			isa = PBXGroup;
			children = (
				094D03CD28550D8B00D0C14D /* swiftui-fhooe-app */,
				094D03CC28550D8B00D0C14D /* Products */,
				D4C05521C5D16D08E063A1F6 /* Pods */,
				125B2D895D157E5C28D74C70 /* Frameworks */,
			);
			sourceTree = "<group>";
		};
		094D03CC28550D8B00D0C14D /* Products */ = {
			isa = PBXGroup;
			children = (
				094D03CB28550D8B00D0C14D /* swiftui-fhooe-app.app */,
			);
			name = Products;
			sourceTree = "<group>";
		};
		094D03CD28550D8B00D0C14D /* swiftui-fhooe-app */ = {
			isa = PBXGroup;
			children = (
				09058E482857BB3900A2A2B6 /* Info.plist */,
				09058E422857B6CA00A2A2B6 /* Controller */,
				094D03DE28550DF900D0C14D /* View */,
				094D03DD28550DF100D0C14D /* Model */,
				094D03D228550D8B00D0C14D /* Assets.xcassets */,
				094D03D428550D8B00D0C14D /* Preview Content */,
			);
			path = "swiftui-fhooe-app";
			sourceTree = "<group>";
		};
		094D03D428550D8B00D0C14D /* Preview Content */ = {
			isa = PBXGroup;
			children = (
				094D03D528550D8B00D0C14D /* Preview Assets.xcassets */,
			);
			path = "Preview Content";
			sourceTree = "<group>";
		};
		094D03DD28550DF100D0C14D /* Model */ = {
			isa = PBXGroup;
			children = (
				094D03E52855126900D0C14D /* Program.swift */,
			);
			path = Model;
			sourceTree = "<group>";
		};
		094D03DE28550DF900D0C14D /* View */ = {
			isa = PBXGroup;
			children = (
				094D03CE28550D8B00D0C14D /* swiftui_fhooe_appApp.swift */,
				094D03D028550D8B00D0C14D /* ContentView.swift */,
				09058E3E28579D8E00A2A2B6 /* ProgramView.swift */,
				09058E402857A4B800A2A2B6 /* CampusView.swift */,
			);
			path = View;
			sourceTree = "<group>";
		};
		125B2D895D157E5C28D74C70 /* Frameworks */ = {
			isa = PBXGroup;
			children = (
				CE872B8C0C5C032F93FC7065 /* Pods_swiftui_fhooe_app.framework */,
			);
			name = Frameworks;
			sourceTree = "<group>";
		};
		D4C05521C5D16D08E063A1F6 /* Pods */ = {
			isa = PBXGroup;
			children = (
				1991F6773EF094294C3A6DE2 /* Pods-swiftui-fhooe-app.debug.xcconfig */,
				8D61ECF72458F7126C940B14 /* Pods-swiftui-fhooe-app.release.xcconfig */,
			);
			path = Pods;
			sourceTree = "<group>";
		};
/* End PBXGroup section */

/* Begin PBXNativeTarget section */
		094D03CA28550D8B00D0C14D /* swiftui-fhooe-app */ = {
			isa = PBXNativeTarget;
			buildConfigurationList = 094D03D928550D8B00D0C14D /* Build configuration list for PBXNativeTarget "swiftui-fhooe-app" */;
			buildPhases = (
				834D88B101F036F4C52FB229 /* [CP] Check Pods Manifest.lock */,
				094D03C728550D8B00D0C14D /* Sources */,
				094D03C828550D8B00D0C14D /* Frameworks */,
				094D03C928550D8B00D0C14D /* Resources */,
				B75E4A5792F60177D84A917A /* [CP] Embed Pods Frameworks */,
			);
			buildRules = (
			);
			dependencies = (
			);
			name = "swiftui-fhooe-app";
			productName = "swiftui-fhooe-app";
			productReference = 094D03CB28550D8B00D0C14D /* swiftui-fhooe-app.app */;
			productType = "com.apple.product-type.application";
		};
/* End PBXNativeTarget section */

/* Begin PBXProject section */
		094D03C328550D8B00D0C14D /* Project object */ = {
			isa = PBXProject;
			attributes = {
				BuildIndependentTargetsInParallel = 1;
				LastSwiftUpdateCheck = 1330;
				LastUpgradeCheck = 1330;
				TargetAttributes = {
					094D03CA28550D8B00D0C14D = {
						CreatedOnToolsVersion = 13.3;
					};
				};
			};
			buildConfigurationList = 094D03C628550D8B00D0C14D /* Build configuration list for PBXProject "swiftui-fhooe-app" */;
			compatibilityVersion = "Xcode 13.0";
			developmentRegion = en;
			hasScannedForEncodings = 0;
			knownRegions = (
				en,
				Base,
			);
			mainGroup = 094D03C228550D8B00D0C14D;
			productRefGroup = 094D03CC28550D8B00D0C14D /* Products */;
			projectDirPath = "";
			projectRoot = "";
			targets = (
				094D03CA28550D8B00D0C14D /* swiftui-fhooe-app */,
			);
		};
/* End PBXProject section */

/* Begin PBXResourcesBuildPhase section */
		094D03C928550D8B00D0C14D /* Resources */ = {
			isa = PBXResourcesBuildPhase;
			buildActionMask = 2147483647;
			files = (
				094D03D628550D8B00D0C14D /* Preview Assets.xcassets in Resources */,
				094D03D328550D8B00D0C14D /* Assets.xcassets in Resources */,
			);
			runOnlyForDeploymentPostprocessing = 0;
		};
/* End PBXResourcesBuildPhase section */

/* Begin PBXShellScriptBuildPhase section */
		834D88B101F036F4C52FB229 /* [CP] Check Pods Manifest.lock */ = {
			isa = PBXShellScriptBuildPhase;
			buildActionMask = 2147483647;
			files = (
			);
			inputFileListPaths = (
			);
			inputPaths = (
				"${PODS_PODFILE_DIR_PATH}/Podfile.lock",
				"${PODS_ROOT}/Manifest.lock",
			);
			name = "[CP] Check Pods Manifest.lock";
			outputFileListPaths = (
			);
			outputPaths = (
				"$(DERIVED_FILE_DIR)/Pods-swiftui-fhooe-app-checkManifestLockResult.txt",
			);
			runOnlyForDeploymentPostprocessing = 0;
			shellPath = /bin/sh;
			shellScript = "diff \"${PODS_PODFILE_DIR_PATH}/Podfile.lock\" \"${PODS_ROOT}/Manifest.lock\" > /dev/null\nif [ $? != 0 ] ; then\n    # print error to STDERR\n    echo \"error: The sandbox is not in sync with the Podfile.lock. Run 'pod install' or update your CocoaPods installation.\" >&2\n    exit 1\nfi\n# This output is used by Xcode 'outputs' to avoid re-running this script phase.\necho \"SUCCESS\" > \"${SCRIPT_OUTPUT_FILE_0}\"\n";
			showEnvVarsInLog = 0;
		};
		B75E4A5792F60177D84A917A /* [CP] Embed Pods Frameworks */ = {
			isa = PBXShellScriptBuildPhase;
			buildActionMask = 2147483647;
			files = (
			);
			inputFileListPaths = (
				"${PODS_ROOT}/Target Support Files/Pods-swiftui-fhooe-app/Pods-swiftui-fhooe-app-frameworks-${CONFIGURATION}-input-files.xcfilelist",
			);
			name = "[CP] Embed Pods Frameworks";
			outputFileListPaths = (
				"${PODS_ROOT}/Target Support Files/Pods-swiftui-fhooe-app/Pods-swiftui-fhooe-app-frameworks-${CONFIGURATION}-output-files.xcfilelist",
			);
			runOnlyForDeploymentPostprocessing = 0;
			shellPath = /bin/sh;
			shellScript = "\"${PODS_ROOT}/Target Support Files/Pods-swiftui-fhooe-app/Pods-swiftui-fhooe-app-frameworks.sh\"\n";
			showEnvVarsInLog = 0;
		};
/* End PBXShellScriptBuildPhase section */

/* Begin PBXSourcesBuildPhase section */
		094D03C728550D8B00D0C14D /* Sources */ = {
			isa = PBXSourcesBuildPhase;
			buildActionMask = 2147483647;
			files = (
				094D03D128550D8B00D0C14D /* ContentView.swift in Sources */,
				09058E412857A4B800A2A2B6 /* CampusView.swift in Sources */,
				094D03CF28550D8B00D0C14D /* swiftui_fhooe_appApp.swift in Sources */,
				09058E3F28579D8E00A2A2B6 /* ProgramView.swift in Sources */,
				094D042228553AF200D0C14D /* Network.swift in Sources */,
				094D03E62855126900D0C14D /* Program.swift in Sources */,
			);
			runOnlyForDeploymentPostprocessing = 0;
		};
/* End PBXSourcesBuildPhase section */

/* Begin XCBuildConfiguration section */
		094D03D728550D8B00D0C14D /* Debug */ = {
			isa = XCBuildConfiguration;
			buildSettings = {
				ALWAYS_SEARCH_USER_PATHS = NO;
				CLANG_ANALYZER_NONNULL = YES;
				CLANG_ANALYZER_NUMBER_OBJECT_CONVERSION = YES_AGGRESSIVE;
				CLANG_CXX_LANGUAGE_STANDARD = "gnu++17";
				CLANG_ENABLE_MODULES = YES;
				CLANG_ENABLE_OBJC_ARC = YES;
				CLANG_ENABLE_OBJC_WEAK = YES;
				CLANG_WARN_BLOCK_CAPTURE_AUTORELEASING = YES;
				CLANG_WARN_BOOL_CONVERSION = YES;
				CLANG_WARN_COMMA = YES;
				CLANG_WARN_CONSTANT_CONVERSION = YES;
				CLANG_WARN_DEPRECATED_OBJC_IMPLEMENTATIONS = YES;
				CLANG_WARN_DIRECT_OBJC_ISA_USAGE = YES_ERROR;
				CLANG_WARN_DOCUMENTATION_COMMENTS = YES;
				CLANG_WARN_EMPTY_BODY = YES;
				CLANG_WARN_ENUM_CONVERSION = YES;
				CLANG_WARN_INFINITE_RECURSION = YES;
				CLANG_WARN_INT_CONVERSION = YES;
				CLANG_WARN_NON_LITERAL_NULL_CONVERSION = YES;
				CLANG_WARN_OBJC_IMPLICIT_RETAIN_SELF = YES;
				CLANG_WARN_OBJC_LITERAL_CONVERSION = YES;
				CLANG_WARN_OBJC_ROOT_CLASS = YES_ERROR;
				CLANG_WARN_QUOTED_INCLUDE_IN_FRAMEWORK_HEADER = YES;
				CLANG_WARN_RANGE_LOOP_ANALYSIS = YES;
				CLANG_WARN_STRICT_PROTOTYPES = YES;
				CLANG_WARN_SUSPICIOUS_MOVE = YES;
				CLANG_WARN_UNGUARDED_AVAILABILITY = YES_AGGRESSIVE;
				CLANG_WARN_UNREACHABLE_CODE = YES;
				CLANG_WARN__DUPLICATE_METHOD_MATCH = YES;
				COPY_PHASE_STRIP = NO;
				DEBUG_INFORMATION_FORMAT = dwarf;
				ENABLE_STRICT_OBJC_MSGSEND = YES;
				ENABLE_TESTABILITY = YES;
				GCC_C_LANGUAGE_STANDARD = gnu11;
				GCC_DYNAMIC_NO_PIC = NO;
				GCC_NO_COMMON_BLOCKS = YES;
				GCC_OPTIMIZATION_LEVEL = 0;
				GCC_PREPROCESSOR_DEFINITIONS = (
					"DEBUG=1",
					"$(inherited)",
				);
				GCC_WARN_64_TO_32_BIT_CONVERSION = YES;
				GCC_WARN_ABOUT_RETURN_TYPE = YES_ERROR;
				GCC_WARN_UNDECLARED_SELECTOR = YES;
				GCC_WARN_UNINITIALIZED_AUTOS = YES_AGGRESSIVE;
				GCC_WARN_UNUSED_FUNCTION = YES;
				GCC_WARN_UNUSED_VARIABLE = YES;
				IPHONEOS_DEPLOYMENT_TARGET = 15.4;
				MTL_ENABLE_DEBUG_INFO = INCLUDE_SOURCE;
				MTL_FAST_MATH = YES;
				ONLY_ACTIVE_ARCH = YES;
				SDKROOT = iphoneos;
				SWIFT_ACTIVE_COMPILATION_CONDITIONS = DEBUG;
				SWIFT_OPTIMIZATION_LEVEL = "-Onone";
			};
			name = Debug;
		};
		094D03D828550D8B00D0C14D /* Release */ = {
			isa = XCBuildConfiguration;
			buildSettings = {
				ALWAYS_SEARCH_USER_PATHS = NO;
				CLANG_ANALYZER_NONNULL = YES;
				CLANG_ANALYZER_NUMBER_OBJECT_CONVERSION = YES_AGGRESSIVE;
				CLANG_CXX_LANGUAGE_STANDARD = "gnu++17";
				CLANG_ENABLE_MODULES = YES;
				CLANG_ENABLE_OBJC_ARC = YES;
				CLANG_ENABLE_OBJC_WEAK = YES;
				CLANG_WARN_BLOCK_CAPTURE_AUTORELEASING = YES;
				CLANG_WARN_BOOL_CONVERSION = YES;
				CLANG_WARN_COMMA = YES;
				CLANG_WARN_CONSTANT_CONVERSION = YES;
				CLANG_WARN_DEPRECATED_OBJC_IMPLEMENTATIONS = YES;
				CLANG_WARN_DIRECT_OBJC_ISA_USAGE = YES_ERROR;
				CLANG_WARN_DOCUMENTATION_COMMENTS = YES;
				CLANG_WARN_EMPTY_BODY = YES;
				CLANG_WARN_ENUM_CONVERSION = YES;
				CLANG_WARN_INFINITE_RECURSION = YES;
				CLANG_WARN_INT_CONVERSION = YES;
				CLANG_WARN_NON_LITERAL_NULL_CONVERSION = YES;
				CLANG_WARN_OBJC_IMPLICIT_RETAIN_SELF = YES;
				CLANG_WARN_OBJC_LITERAL_CONVERSION = YES;
				CLANG_WARN_OBJC_ROOT_CLASS = YES_ERROR;
				CLANG_WARN_QUOTED_INCLUDE_IN_FRAMEWORK_HEADER = YES;
				CLANG_WARN_RANGE_LOOP_ANALYSIS = YES;
				CLANG_WARN_STRICT_PROTOTYPES = YES;
				CLANG_WARN_SUSPICIOUS_MOVE = YES;
				CLANG_WARN_UNGUARDED_AVAILABILITY = YES_AGGRESSIVE;
				CLANG_WARN_UNREACHABLE_CODE = YES;
				CLANG_WARN__DUPLICATE_METHOD_MATCH = YES;
				COPY_PHASE_STRIP = NO;
				DEBUG_INFORMATION_FORMAT = "dwarf-with-dsym";
				ENABLE_NS_ASSERTIONS = NO;
				ENABLE_STRICT_OBJC_MSGSEND = YES;
				GCC_C_LANGUAGE_STANDARD = gnu11;
				GCC_NO_COMMON_BLOCKS = YES;
				GCC_WARN_64_TO_32_BIT_CONVERSION = YES;
				GCC_WARN_ABOUT_RETURN_TYPE = YES_ERROR;
				GCC_WARN_UNDECLARED_SELECTOR = YES;
				GCC_WARN_UNINITIALIZED_AUTOS = YES_AGGRESSIVE;
				GCC_WARN_UNUSED_FUNCTION = YES;
				GCC_WARN_UNUSED_VARIABLE = YES;
				IPHONEOS_DEPLOYMENT_TARGET = 15.4;
				MTL_ENABLE_DEBUG_INFO = NO;
				MTL_FAST_MATH = YES;
				SDKROOT = iphoneos;
				SWIFT_COMPILATION_MODE = wholemodule;
				SWIFT_OPTIMIZATION_LEVEL = "-O";
				VALIDATE_PRODUCT = YES;
			};
			name = Release;
		};
		094D03DA28550D8B00D0C14D /* Debug */ = {
			isa = XCBuildConfiguration;
			baseConfigurationReference = 1991F6773EF094294C3A6DE2 /* Pods-swiftui-fhooe-app.debug.xcconfig */;
			buildSettings = {
				ASSETCATALOG_COMPILER_APPICON_NAME = AppIcon;
				ASSETCATALOG_COMPILER_GLOBAL_ACCENT_COLOR_NAME = AccentColor;
				CODE_SIGN_STYLE = Automatic;
				CURRENT_PROJECT_VERSION = 1;
				DEVELOPMENT_ASSET_PATHS = "\"swiftui-fhooe-app/Preview Content\"";
				ENABLE_PREVIEWS = YES;
				GENERATE_INFOPLIST_FILE = YES;
				INFOPLIST_FILE = "swiftui-fhooe-app/Info.plist";
				INFOPLIST_KEY_CFBundleDisplayName = FHOOE;
				INFOPLIST_KEY_UIApplicationSceneManifest_Generation = YES;
				INFOPLIST_KEY_UIApplicationSupportsIndirectInputEvents = YES;
				INFOPLIST_KEY_UISupportedInterfaceOrientations_iPad = "UIInterfaceOrientationPortrait UIInterfaceOrientationPortraitUpsideDown UIInterfaceOrientationLandscapeLeft UIInterfaceOrientationLandscapeRight";
				INFOPLIST_KEY_UISupportedInterfaceOrientations_iPhone = "UIInterfaceOrientationPortrait UIInterfaceOrientationLandscapeLeft UIInterfaceOrientationLandscapeRight";
				LD_RUNPATH_SEARCH_PATHS = (
					"$(inherited)",
					"@executable_path/Frameworks",
				);
				MARKETING_VERSION = 1.0;
				PRODUCT_BUNDLE_IDENTIFIER = "com.alieren.swiftui-fhooe-app";
				PRODUCT_NAME = "$(TARGET_NAME)";
				SWIFT_EMIT_LOC_STRINGS = YES;
				SWIFT_VERSION = 5.0;
				TARGETED_DEVICE_FAMILY = "1,2";
			};
			name = Debug;
		};
		094D03DB28550D8B00D0C14D /* Release */ = {
			isa = XCBuildConfiguration;
			baseConfigurationReference = 8D61ECF72458F7126C940B14 /* Pods-swiftui-fhooe-app.release.xcconfig */;
			buildSettings = {
				ASSETCATALOG_COMPILER_APPICON_NAME = AppIcon;
				ASSETCATALOG_COMPILER_GLOBAL_ACCENT_COLOR_NAME = AccentColor;
				CODE_SIGN_STYLE = Automatic;
				CURRENT_PROJECT_VERSION = 1;
				DEVELOPMENT_ASSET_PATHS = "\"swiftui-fhooe-app/Preview Content\"";
				ENABLE_PREVIEWS = YES;
				GENERATE_INFOPLIST_FILE = YES;
				INFOPLIST_FILE = "swiftui-fhooe-app/Info.plist";
				INFOPLIST_KEY_CFBundleDisplayName = FHOOE;
				INFOPLIST_KEY_UIApplicationSceneManifest_Generation = YES;
				INFOPLIST_KEY_UIApplicationSupportsIndirectInputEvents = YES;
				INFOPLIST_KEY_UISupportedInterfaceOrientations_iPad = "UIInterfaceOrientationPortrait UIInterfaceOrientationPortraitUpsideDown UIInterfaceOrientationLandscapeLeft UIInterfaceOrientationLandscapeRight";
				INFOPLIST_KEY_UISupportedInterfaceOrientations_iPhone = "UIInterfaceOrientationPortrait UIInterfaceOrientationLandscapeLeft UIInterfaceOrientationLandscapeRight";
				LD_RUNPATH_SEARCH_PATHS = (
					"$(inherited)",
					"@executable_path/Frameworks",
				);
				MARKETING_VERSION = 1.0;
				PRODUCT_BUNDLE_IDENTIFIER = "com.alieren.swiftui-fhooe-app";
				PRODUCT_NAME = "$(TARGET_NAME)";
				SWIFT_EMIT_LOC_STRINGS = YES;
				SWIFT_VERSION = 5.0;
				TARGETED_DEVICE_FAMILY = "1,2";
			};
			name = Release;
		};
/* End XCBuildConfiguration section */

/* Begin XCConfigurationList section */
		094D03C628550D8B00D0C14D /* Build configuration list for PBXProject "swiftui-fhooe-app" */ = {
			isa = XCConfigurationList;
			buildConfigurations = (
				094D03D728550D8B00D0C14D /* Debug */,
				094D03D828550D8B00D0C14D /* Release */,
			);
			defaultConfigurationIsVisible = 0;
			defaultConfigurationName = Release;
		};
		094D03D928550D8B00D0C14D /* Build configuration list for PBXNativeTarget "swiftui-fhooe-app" */ = {
			isa = XCConfigurationList;
			buildConfigurations = (
				094D03DA28550D8B00D0C14D /* Debug */,
				094D03DB28550D8B00D0C14D /* Release */,
			);
			defaultConfigurationIsVisible = 0;
			defaultConfigurationName = Release;
		};
/* End XCConfigurationList section */
	};
	rootObject = 094D03C328550D8B00D0C14D /* Project object */;
}
